
Microsoft Visual Studio Solution File, Format Version 12.00
# Visual Studio Version 16
VisualStudioVersion = 16.0.29806.167
MinimumVisualStudioVersion = 10.0.40219.1
Project("{9A19103F-16F7-4668-BE54-9A1E7A4F7556}") = "Tienda.Common", "Tienda.Common\Tienda.Common.csproj", "{602ED293-881C-4854-8282-A296ADC2C707}"
EndProject
Project("{2150E333-8FDC-42A3-9474-1A3956D46DE8}") = "Backend", "Backend", "{2599F953-5111-4479-B6C7-F6D442764FB7}"
EndProject
Project("{2150E333-8FDC-42A3-9474-1A3956D46DE8}") = "Frontend", "Frontend", "{A350CFE9-BF6A-4534-BF68-B9B8EAA330B2}"
EndProject
Project("{9A19103F-16F7-4668-BE54-9A1E7A4F7556}") = "Tienda.Web", "Tienda.Web\Tienda.Web.csproj", "{59E76128-DBD5-44FE-A4BD-C68904423617}"
EndProject
Project("{2150E333-8FDC-42A3-9474-1A3956D46DE8}") = "Forms", "Forms", "{3AA441EF-659B-4B5A-B597-2005AF2C6AC6}"
EndProject
Project("{2150E333-8FDC-42A3-9474-1A3956D46DE8}") = "Classic", "Classic", "{FC291A8E-B76C-40A4-BD7A-6AA68631DD5D}"
EndProject
Project("{9A19103F-16F7-4668-BE54-9A1E7A4F7556}") = "Tienda.UIClassic", "Tienda.UIClassic\Tienda.UIClassic.csproj", "{5E1B9EFC-6E35-413E-B5C1-B45B59221D83}"
EndProject
Project("{FAE04EC0-301F-11D3-BF4B-00C04F79EFBC}") = "Tienda.UIClassic.Android", "Tienda.UIClassic.Android\Tienda.UIClassic.Android.csproj", "{4D3A4FFC-355A-40C6-955E-A244A648528E}"
EndProject
Project("{FAE04EC0-301F-11D3-BF4B-00C04F79EFBC}") = "Tienda.UIClassic.iOS", "Tienda.UIClassic.iOS\Tienda.UIClassic.iOS.csproj", "{0A14DD3E-637B-45BF-A2D1-0B8A6FED0FD7}"
EndProject
Project("{FAE04EC0-301F-11D3-BF4B-00C04F79EFBC}") = "Tienda.IUForms.Android", "Tienda.IUForms\Tienda.IUForms.Android\Tienda.IUForms.Android.csproj", "{AACD8BF4-508F-4D25-A686-2BD5A34B5B62}"
EndProject
Project("{FAE04EC0-301F-11D3-BF4B-00C04F79EFBC}") = "Tienda.IUForms.iOS", "Tienda.IUForms\Tienda.IUForms.iOS\Tienda.IUForms.iOS.csproj", "{FEEB6E3B-5BDA-43FF-9B04-984098E43667}"
EndProject
Project("{FAE04EC0-301F-11D3-BF4B-00C04F79EFBC}") = "Tienda.IUForms", "Tienda.IUForms\Tienda.IUForms\Tienda.IUForms.csproj", "{9237C0F2-4B15-4D41-94D5-A0A6BF231EBF}"
EndProject
Global
	GlobalSection(SolutionConfigurationPlatforms) = preSolution
		Debug|Any CPU = Debug|Any CPU
		Debug|iPhone = Debug|iPhone
		Debug|iPhoneSimulator = Debug|iPhoneSimulator
		Release|Any CPU = Release|Any CPU
		Release|iPhone = Release|iPhone
		Release|iPhoneSimulator = Release|iPhoneSimulator
	EndGlobalSection
	GlobalSection(ProjectConfigurationPlatforms) = postSolution
		{602ED293-881C-4854-8282-A296ADC2C707}.Debug|Any CPU.ActiveCfg = Debug|Any CPU
		{602ED293-881C-4854-8282-A296ADC2C707}.Debug|Any CPU.Build.0 = Debug|Any CPU
		{602ED293-881C-4854-8282-A296ADC2C707}.Debug|iPhone.ActiveCfg = Debug|Any CPU
		{602ED293-881C-4854-8282-A296ADC2C707}.Debug|iPhone.Build.0 = Debug|Any CPU
		{602ED293-881C-4854-8282-A296ADC2C707}.Debug|iPhoneSimulator.ActiveCfg = Debug|Any CPU
		{602ED293-881C-4854-8282-A296ADC2C707}.Debug|iPhoneSimulator.Build.0 = Debug|Any CPU
		{602ED293-881C-4854-8282-A296ADC2C707}.Release|Any CPU.ActiveCfg = Release|Any CPU
		{602ED293-881C-4854-8282-A296ADC2C707}.Release|Any CPU.Build.0 = Release|Any CPU
		{602ED293-881C-4854-8282-A296ADC2C707}.Release|iPhone.ActiveCfg = Release|Any CPU
		{602ED293-881C-4854-8282-A296ADC2C707}.Release|iPhone.Build.0 = Release|Any CPU
		{602ED293-881C-4854-8282-A296ADC2C707}.Release|iPhoneSimulator.ActiveCfg = Release|Any CPU
		{602ED293-881C-4854-8282-A296ADC2C707}.Release|iPhoneSimulator.Build.0 = Release|Any CPU
		{59E76128-DBD5-44FE-A4BD-C68904423617}.Debug|Any CPU.ActiveCfg = Debug|Any CPU
		{59E76128-DBD5-44FE-A4BD-C68904423617}.Debug|Any CPU.Build.0 = Debug|Any CPU
		{59E76128-DBD5-44FE-A4BD-C68904423617}.Debug|iPhone.ActiveCfg = Debug|Any CPU
		{59E76128-DBD5-44FE-A4BD-C68904423617}.Debug|iPhone.Build.0 = Debug|Any CPU
		{59E76128-DBD5-44FE-A4BD-C68904423617}.Debug|iPhoneSimulator.ActiveCfg = Debug|Any CPU
		{59E76128-DBD5-44FE-A4BD-C68904423617}.Debug|iPhoneSimulator.Build.0 = Debug|Any CPU
		{59E76128-DBD5-44FE-A4BD-C68904423617}.Release|Any CPU.ActiveCfg = Release|Any CPU
		{59E76128-DBD5-44FE-A4BD-C68904423617}.Release|Any CPU.Build.0 = Release|Any CPU
		{59E76128-DBD5-44FE-A4BD-C68904423617}.Release|iPhone.ActiveCfg = Release|Any CPU
		{59E76128-DBD5-44FE-A4BD-C68904423617}.Release|iPhone.Build.0 = Release|Any CPU
		{59E76128-DBD5-44FE-A4BD-C68904423617}.Release|iPhoneSimulator.ActiveCfg = Release|Any CPU
		{59E76128-DBD5-44FE-A4BD-C68904423617}.Release|iPhoneSimulator.Build.0 = Release|Any CPU
		{5E1B9EFC-6E35-413E-B5C1-B45B59221D83}.Debug|Any CPU.ActiveCfg = Debug|Any CPU
		{5E1B9EFC-6E35-413E-B5C1-B45B59221D83}.Debug|Any CPU.Build.0 = Debug|Any CPU
		{5E1B9EFC-6E35-413E-B5C1-B45B59221D83}.Debug|iPhone.ActiveCfg = Debug|Any CPU
		{5E1B9EFC-6E35-413E-B5C1-B45B59221D83}.Debug|iPhone.Build.0 = Debug|Any CPU
		{5E1B9EFC-6E35-413E-B5C1-B45B59221D83}.Debug|iPhoneSimulator.ActiveCfg = Debug|Any CPU
		{5E1B9EFC-6E35-413E-B5C1-B45B59221D83}.Debug|iPhoneSimulator.Build.0 = Debug|Any CPU
		{5E1B9EFC-6E35-413E-B5C1-B45B59221D83}.Release|Any CPU.ActiveCfg = Release|Any CPU
		{5E1B9EFC-6E35-413E-B5C1-B45B59221D83}.Release|Any CPU.Build.0 = Release|Any CPU
		{5E1B9EFC-6E35-413E-B5C1-B45B59221D83}.Release|iPhone.ActiveCfg = Release|Any CPU
		{5E1B9EFC-6E35-413E-B5C1-B45B59221D83}.Release|iPhone.Build.0 = Release|Any CPU
		{5E1B9EFC-6E35-413E-B5C1-B45B59221D83}.Release|iPhoneSimulator.ActiveCfg = Release|Any CPU
		{5E1B9EFC-6E35-413E-B5C1-B45B59221D83}.Release|iPhoneSimulator.Build.0 = Release|Any CPU
		{4D3A4FFC-355A-40C6-955E-A244A648528E}.Debug|Any CPU.ActiveCfg = Debug|Any CPU
		{4D3A4FFC-355A-40C6-955E-A244A648528E}.Debug|Any CPU.Build.0 = Debug|Any CPU
		{4D3A4FFC-355A-40C6-955E-A244A648528E}.Debug|Any CPU.Deploy.0 = Debug|Any CPU
		{4D3A4FFC-355A-40C6-955E-A244A648528E}.Debug|iPhone.ActiveCfg = Debug|Any CPU
		{4D3A4FFC-355A-40C6-955E-A244A648528E}.Debug|iPhone.Build.0 = Debug|Any CPU
		{4D3A4FFC-355A-40C6-955E-A244A648528E}.Debug|iPhone.Deploy.0 = Debug|Any CPU
		{4D3A4FFC-355A-40C6-955E-A244A648528E}.Debug|iPhoneSimulator.ActiveCfg = Debug|Any CPU
		{4D3A4FFC-355A-40C6-955E-A244A648528E}.Debug|iPhoneSimulator.Build.0 = Debug|Any CPU
		{4D3A4FFC-355A-40C6-955E-A244A648528E}.Debug|iPhoneSimulator.Deploy.0 = Debug|Any CPU
		{4D3A4FFC-355A-40C6-955E-A244A648528E}.Release|Any CPU.ActiveCfg = Release|Any CPU
		{4D3A4FFC-355A-40C6-955E-A244A648528E}.Release|Any CPU.Build.0 = Release|Any CPU
		{4D3A4FFC-355A-40C6-955E-A244A648528E}.Release|Any CPU.Deploy.0 = Release|Any CPU
		{4D3A4FFC-355A-40C6-955E-A244A648528E}.Release|iPhone.ActiveCfg = Release|Any CPU
		{4D3A4FFC-355A-40C6-955E-A244A648528E}.Release|iPhone.Build.0 = Release|Any CPU
		{4D3A4FFC-355A-40C6-955E-A244A648528E}.Release|iPhone.Deploy.0 = Release|Any CPU
		{4D3A4FFC-355A-40C6-955E-A244A648528E}.Release|iPhoneSimulator.ActiveCfg = Release|Any CPU
		{4D3A4FFC-355A-40C6-955E-A244A648528E}.Release|iPhoneSimulator.Build.0 = Release|Any CPU
		{4D3A4FFC-355A-40C6-955E-A244A648528E}.Release|iPhoneSimulator.Deploy.0 = Release|Any CPU
		{0A14DD3E-637B-45BF-A2D1-0B8A6FED0FD7}.Debug|Any CPU.ActiveCfg = Debug|iPhone
		{0A14DD3E-637B-45BF-A2D1-0B8A6FED0FD7}.Debug|iPhone.ActiveCfg = Debug|iPhone
		{0A14DD3E-637B-45BF-A2D1-0B8A6FED0FD7}.Debug|iPhone.Build.0 = Debug|iPhone
		{0A14DD3E-637B-45BF-A2D1-0B8A6FED0FD7}.Debug|iPhoneSimulator.ActiveCfg = Debug|iPhoneSimulator
		{0A14DD3E-637B-45BF-A2D1-0B8A6FED0FD7}.Debug|iPhoneSimulator.Build.0 = Debug|iPhoneSimulator
		{0A14DD3E-637B-45BF-A2D1-0B8A6FED0FD7}.Release|Any CPU.ActiveCfg = Release|iPhone
		{0A14DD3E-637B-45BF-A2D1-0B8A6FED0FD7}.Release|iPhone.ActiveCfg = Release|iPhone
		{0A14DD3E-637B-45BF-A2D1-0B8A6FED0FD7}.Release|iPhone.Build.0 = Release|iPhone
		{0A14DD3E-637B-45BF-A2D1-0B8A6FED0FD7}.Release|iPhoneSimulator.ActiveCfg = Release|iPhoneSimulator
		{0A14DD3E-637B-45BF-A2D1-0B8A6FED0FD7}.Release|iPhoneSimulator.Build.0 = Release|iPhoneSimulator
		{AACD8BF4-508F-4D25-A686-2BD5A34B5B62}.Debug|Any CPU.ActiveCfg = Debug|Any CPU
		{AACD8BF4-508F-4D25-A686-2BD5A34B5B62}.Debug|Any CPU.Build.0 = Debug|Any CPU
		{AACD8BF4-508F-4D25-A686-2BD5A34B5B62}.Debug|Any CPU.Deploy.0 = Debug|Any CPU
		{AACD8BF4-508F-4D25-A686-2BD5A34B5B62}.Debug|iPhone.ActiveCfg = Debug|Any CPU
		{AACD8BF4-508F-4D25-A686-2BD5A34B5B62}.Debug|iPhone.Build.0 = Debug|Any CPU
		{AACD8BF4-508F-4D25-A686-2BD5A34B5B62}.Debug|iPhone.Deploy.0 = Debug|Any CPU
		{AACD8BF4-508F-4D25-A686-2BD5A34B5B62}.Debug|iPhoneSimulator.ActiveCfg = Debug|Any CPU
		{AACD8BF4-508F-4D25-A686-2BD5A34B5B62}.Debug|iPhoneSimulator.Build.0 = Debug|Any CPU
		{AACD8BF4-508F-4D25-A686-2BD5A34B5B62}.Debug|iPhoneSimulator.Deploy.0 = Debug|Any CPU
		{AACD8BF4-508F-4D25-A686-2BD5A34B5B62}.Release|Any CPU.ActiveCfg = Release|Any CPU
		{AACD8BF4-508F-4D25-A686-2BD5A34B5B62}.Release|Any CPU.Build.0 = Release|Any CPU
		{AACD8BF4-508F-4D25-A686-2BD5A34B5B62}.Release|Any CPU.Deploy.0 = Release|Any CPU
		{AACD8BF4-508F-4D25-A686-2BD5A34B5B62}.Release|iPhone.ActiveCfg = Release|Any CPU
		{AACD8BF4-508F-4D25-A686-2BD5A34B5B62}.Release|iPhone.Build.0 = Release|Any CPU
		{AACD8BF4-508F-4D25-A686-2BD5A34B5B62}.Release|iPhone.Deploy.0 = Release|Any CPU
		{AACD8BF4-508F-4D25-A686-2BD5A34B5B62}.Release|iPhoneSimulator.ActiveCfg = Release|Any CPU
		{AACD8BF4-508F-4D25-A686-2BD5A34B5B62}.Release|iPhoneSimulator.Build.0 = Release|Any CPU
		{AACD8BF4-508F-4D25-A686-2BD5A34B5B62}.Release|iPhoneSimulator.Deploy.0 = Release|Any CPU
		{FEEB6E3B-5BDA-43FF-9B04-984098E43667}.Debug|Any CPU.ActiveCfg = Debug|iPhone
		{FEEB6E3B-5BDA-43FF-9B04-984098E43667}.Debug|iPhone.ActiveCfg = Debug|iPhone
		{FEEB6E3B-5BDA-43FF-9B04-984098E43667}.Debug|iPhone.Build.0 = Debug|iPhone
		{FEEB6E3B-5BDA-43FF-9B04-984098E43667}.Debug|iPhoneSimulator.ActiveCfg = Debug|iPhoneSimulator
		{FEEB6E3B-5BDA-43FF-9B04-984098E43667}.Debug|iPhoneSimulator.Build.0 = Debug|iPhoneSimulator
		{FEEB6E3B-5BDA-43FF-9B04-984098E43667}.Release|Any CPU.ActiveCfg = Release|iPhone
		{FEEB6E3B-5BDA-43FF-9B04-984098E43667}.Release|iPhone.ActiveCfg = Release|iPhone
		{FEEB6E3B-5BDA-43FF-9B04-984098E43667}.Release|iPhone.Build.0 = Release|iPhone
		{FEEB6E3B-5BDA-43FF-9B04-984098E43667}.Release|iPhoneSimulator.ActiveCfg = Release|iPhoneSimulator
		{FEEB6E3B-5BDA-43FF-9B04-984098E43667}.Release|iPhoneSimulator.Build.0 = Release|iPhoneSimulator
		{9237C0F2-4B15-4D41-94D5-A0A6BF231EBF}.Debug|Any CPU.ActiveCfg = Debug|Any CPU
		{9237C0F2-4B15-4D41-94D5-A0A6BF231EBF}.Debug|Any CPU.Build.0 = Debug|Any CPU
		{9237C0F2-4B15-4D41-94D5-A0A6BF231EBF}.Debug|iPhone.ActiveCfg = Debug|Any CPU
		{9237C0F2-4B15-4D41-94D5-A0A6BF231EBF}.Debug|iPhone.Build.0 = Debug|Any CPU
		{9237C0F2-4B15-4D41-94D5-A0A6BF231EBF}.Debug|iPhoneSimulator.ActiveCfg = Debug|Any CPU
		{9237C0F2-4B15-4D41-94D5-A0A6BF231EBF}.Debug|iPhoneSimulator.Build.0 = Debug|Any CPU
		{9237C0F2-4B15-4D41-94D5-A0A6BF231EBF}.Release|Any CPU.ActiveCfg = Release|Any CPU
		{9237C0F2-4B15-4D41-94D5-A0A6BF231EBF}.Release|Any CPU.Build.0 = Release|Any CPU
		{9237C0F2-4B15-4D41-94D5-A0A6BF231EBF}.Release|iPhone.ActiveCfg = Release|Any CPU
		{9237C0F2-4B15-4D41-94D5-A0A6BF231EBF}.Release|iPhone.Build.0 = Release|Any CPU
		{9237C0F2-4B15-4D41-94D5-A0A6BF231EBF}.Release|iPhoneSimulator.ActiveCfg = Release|Any CPU
		{9237C0F2-4B15-4D41-94D5-A0A6BF231EBF}.Release|iPhoneSimulator.Build.0 = Release|Any CPU
	EndGlobalSection
	GlobalSection(SolutionProperties) = preSolution
		HideSolutionNode = FALSE
	EndGlobalSection
	GlobalSection(NestedProjects) = preSolution
		{59E76128-DBD5-44FE-A4BD-C68904423617} = {2599F953-5111-4479-B6C7-F6D442764FB7}
		{3AA441EF-659B-4B5A-B597-2005AF2C6AC6} = {A350CFE9-BF6A-4534-BF68-B9B8EAA330B2}
		{FC291A8E-B76C-40A4-BD7A-6AA68631DD5D} = {A350CFE9-BF6A-4534-BF68-B9B8EAA330B2}
		{5E1B9EFC-6E35-413E-B5C1-B45B59221D83} = {FC291A8E-B76C-40A4-BD7A-6AA68631DD5D}
		{4D3A4FFC-355A-40C6-955E-A244A648528E} = {FC291A8E-B76C-40A4-BD7A-6AA68631DD5D}
		{0A14DD3E-637B-45BF-A2D1-0B8A6FED0FD7} = {FC291A8E-B76C-40A4-BD7A-6AA68631DD5D}
		{AACD8BF4-508F-4D25-A686-2BD5A34B5B62} = {3AA441EF-659B-4B5A-B597-2005AF2C6AC6}
		{FEEB6E3B-5BDA-43FF-9B04-984098E43667} = {3AA441EF-659B-4B5A-B597-2005AF2C6AC6}
		{9237C0F2-4B15-4D41-94D5-A0A6BF231EBF} = {3AA441EF-659B-4B5A-B597-2005AF2C6AC6}
	EndGlobalSection
	GlobalSection(ExtensibilityGlobals) = postSolution
		SolutionGuid = {0C17A96B-235F-4E67-B13C-DA5D06ECB458}
	EndGlobalSection
EndGlobal
